Microsoft Visual Studio Solution File, Format Version 12.00
# Visual Studio Version 17
VisualStudioVersion = 17.5.2.0
MinimumVisualStudioVersion = 10.0.40219.1
Project("{FAE04EC0-301F-11D3-BF4B-00C04F79EFBC}") = "DktApi", "DktApi.csproj", "{9701CC6E-31B9-150D-F433-EAA09FF0C876}"
EndProject
Global
	GlobalSection(SolutionConfigurationPlatforms) = preSolution
		Debug|Any CPU = Debug|Any CPU
		Release|Any CPU = Release|Any CPU
	EndGlobalSection
	GlobalSection(ProjectConfigurationPlatforms) = postSolution
		{9701CC6E-31B9-150D-F433-EAA09FF0C876}.Debug|Any CPU.ActiveCfg = Debug|Any CPU
		{9701CC6E-31B9-150D-F433-EAA09FF0C876}.Debug|Any CPU.Build.0 = Debug|Any CPU
		{9701CC6E-31B9-150D-F433-EAA09FF0C876}.Release|Any CPU.ActiveCfg = Release|Any CPU
		{9701CC6E-31B9-150D-F433-EAA09FF0C876}.Release|Any CPU.Build.0 = Release|Any CPU
	EndGlobalSection
	GlobalSection(SolutionProperties) = preSolution
		HideSolutionNode = FALSE
	EndGlobalSection
	GlobalSection(ExtensibilityGlobals) = postSolution
		SolutionGuid = {A8D44B9F-B90C-4360-871E-ED0A29ED64F8}
	EndGlobalSection
EndGlobal
